
Microsoft Visual Studio Solution File, Format Version 12.00
# Visual Studio Version 16
VisualStudioVersion = 16.0.29613.14
MinimumVisualStudioVersion = 10.0.40219.1
Project("{FAE04EC0-301F-11D3-BF4B-00C04F79EFBC}") = "OnlineParticipations", "OnlineParticipations\OnlineParticipations.csproj", "{C7BB6F5B-B9FF-4EA6-9E82-D4B600691A5C}"
EndProject
Project("{FAE04EC0-301F-11D3-BF4B-00C04F79EFBC}") = "SimpleMethod", "SimpleMethod\SimpleMethod.csproj", "{0B854B02-8935-428F-98A8-EF03BFA6343F}"
EndProject
Project("{FAE04EC0-301F-11D3-BF4B-00C04F79EFBC}") = "Classes", "Classes\Classes.csproj", "{8B3B89F6-29C4-4324-A52A-38EED5875A4C}"
EndProject
Project("{FAE04EC0-301F-11D3-BF4B-00C04F79EFBC}") = "CirclesAndRectangles", "CirclesAndRectangles\CirclesAndRectangles.csproj", "{03CFCB7F-284C-42CF-AB1F-6965FC3957D3}"
EndProject
Project("{FAE04EC0-301F-11D3-BF4B-00C04F79EFBC}") = "Student", "Student\Student.csproj", "{B2611921-F3F2-4DF2-B561-86AC8D140707}"
EndProject
Project("{FAE04EC0-301F-11D3-BF4B-00C04F79EFBC}") = "ClassesP2", "ClassesP2\ClassesP2.csproj", "{62451F11-2435-4E08-B87A-6C8543986E14}"
EndProject
Project("{FAE04EC0-301F-11D3-BF4B-00C04F79EFBC}") = "WpfStudent", "WpfStudent\WpfStudent.csproj", "{DEC8AED7-6F8E-4E9F-873B-FD221C0E68B1}"
EndProject
Global
	GlobalSection(SolutionConfigurationPlatforms) = preSolution
		Debug|Any CPU = Debug|Any CPU
		Release|Any CPU = Release|Any CPU
	EndGlobalSection
	GlobalSection(ProjectConfigurationPlatforms) = postSolution
		{C7BB6F5B-B9FF-4EA6-9E82-D4B600691A5C}.Debug|Any CPU.ActiveCfg = Debug|Any CPU
		{C7BB6F5B-B9FF-4EA6-9E82-D4B600691A5C}.Debug|Any CPU.Build.0 = Debug|Any CPU
		{C7BB6F5B-B9FF-4EA6-9E82-D4B600691A5C}.Release|Any CPU.ActiveCfg = Release|Any CPU
		{C7BB6F5B-B9FF-4EA6-9E82-D4B600691A5C}.Release|Any CPU.Build.0 = Release|Any CPU
		{0B854B02-8935-428F-98A8-EF03BFA6343F}.Debug|Any CPU.ActiveCfg = Debug|Any CPU
		{0B854B02-8935-428F-98A8-EF03BFA6343F}.Debug|Any CPU.Build.0 = Debug|Any CPU
		{0B854B02-8935-428F-98A8-EF03BFA6343F}.Release|Any CPU.ActiveCfg = Release|Any CPU
		{0B854B02-8935-428F-98A8-EF03BFA6343F}.Release|Any CPU.Build.0 = Release|Any CPU
		{8B3B89F6-29C4-4324-A52A-38EED5875A4C}.Debug|Any CPU.ActiveCfg = Debug|Any CPU
		{8B3B89F6-29C4-4324-A52A-38EED5875A4C}.Debug|Any CPU.Build.0 = Debug|Any CPU
		{8B3B89F6-29C4-4324-A52A-38EED5875A4C}.Release|Any CPU.ActiveCfg = Release|Any CPU
		{8B3B89F6-29C4-4324-A52A-38EED5875A4C}.Release|Any CPU.Build.0 = Release|Any CPU
		{03CFCB7F-284C-42CF-AB1F-6965FC3957D3}.Debug|Any CPU.ActiveCfg = Debug|Any CPU
		{03CFCB7F-284C-42CF-AB1F-6965FC3957D3}.Debug|Any CPU.Build.0 = Debug|Any CPU
		{03CFCB7F-284C-42CF-AB1F-6965FC3957D3}.Release|Any CPU.ActiveCfg = Release|Any CPU
		{03CFCB7F-284C-42CF-AB1F-6965FC3957D3}.Release|Any CPU.Build.0 = Release|Any CPU
		{B2611921-F3F2-4DF2-B561-86AC8D140707}.Debug|Any CPU.ActiveCfg = Debug|Any CPU
		{B2611921-F3F2-4DF2-B561-86AC8D140707}.Debug|Any CPU.Build.0 = Debug|Any CPU
		{B2611921-F3F2-4DF2-B561-86AC8D140707}.Release|Any CPU.ActiveCfg = Release|Any CPU
		{B2611921-F3F2-4DF2-B561-86AC8D140707}.Release|Any CPU.Build.0 = Release|Any CPU
		{62451F11-2435-4E08-B87A-6C8543986E14}.Debug|Any CPU.ActiveCfg = Debug|Any CPU
		{62451F11-2435-4E08-B87A-6C8543986E14}.Debug|Any CPU.Build.0 = Debug|Any CPU
		{62451F11-2435-4E08-B87A-6C8543986E14}.Release|Any CPU.ActiveCfg = Release|Any CPU
		{62451F11-2435-4E08-B87A-6C8543986E14}.Release|Any CPU.Build.0 = Release|Any CPU
		{DEC8AED7-6F8E-4E9F-873B-FD221C0E68B1}.Debug|Any CPU.ActiveCfg = Debug|Any CPU
		{DEC8AED7-6F8E-4E9F-873B-FD221C0E68B1}.Debug|Any CPU.Build.0 = Debug|Any CPU
		{DEC8AED7-6F8E-4E9F-873B-FD221C0E68B1}.Release|Any CPU.ActiveCfg = Release|Any CPU
		{DEC8AED7-6F8E-4E9F-873B-FD221C0E68B1}.Release|Any CPU.Build.0 = Release|Any CPU
	EndGlobalSection
	GlobalSection(SolutionProperties) = preSolution
		HideSolutionNode = FALSE
	EndGlobalSection
	GlobalSection(ExtensibilityGlobals) = postSolution
		SolutionGuid = {D7641791-BA29-451C-8F27-2DA5DCC1E1D4}
	EndGlobalSection
EndGlobal
